{
  "requires": true,
  "lockfileVersion": 1,
  "dependencies": {
    "@ionic-native/camera": {
      "version": "4.14.0",
      "resolved": "https://registry.npmjs.org/@ionic-native/camera/-/camera-4.14.0.tgz",
      "integrity": "sha512-wTqkarVNHf1Sr1iVvwrVhzyBVxxlZo/Z7za/SkxBWrUuRsrwwhldEQbhPz32JzNlYxot3YoF6Mu8GdrgswsyXA=="
    },
    "@ionic-native/geolocation": {
      "version": "4.14.0",
      "resolved": "https://registry.npmjs.org/@ionic-native/geolocation/-/geolocation-4.14.0.tgz",
      "integrity": "sha512-z81AMs/Z5guYmsobrmIzGP0AASbWwTQwiOEZULdp4uIlPnCK6rvK0w/gEMariCpZzXpb2oZdGALZ1jWn6T0hyQ=="
    },
    "@ionic-native/vibration": {
      "version": "4.14.0",
      "resolved": "https://registry.npmjs.org/@ionic-native/vibration/-/vibration-4.14.0.tgz",
      "integrity": "sha512-p+VLF2luCcEdxvnEGoJBPAkP0VDND/X6MUKkC3aMKREOKkVQJedxW+OcbEO73vlFPGTWAfsqCQtMxbNFT1kNqQ=="
    }
  }
}
